// !$*UTF8*$!
{
	archiveVersion = 1;
	classes = {
	};
	objectVersion = 56;
	objects = {

/* Begin PBXBuildFile section */
		3F32F4C529B2178500899090 /* PokemonCardsApp.swift in Sources */ = {isa = PBXBuildFile; fileRef = 3F32F4C429B2178500899090 /* PokemonCardsApp.swift */; };
		3F32F4C729B2178500899090 /* ContentView.swift in Sources */ = {isa = PBXBuildFile; fileRef = 3F32F4C629B2178500899090 /* ContentView.swift */; };
		3F32F4C929B2178700899090 /* Assets.xcassets in Resources */ = {isa = PBXBuildFile; fileRef = 3F32F4C829B2178700899090 /* Assets.xcassets */; };
		3F32F4CC29B2178700899090 /* Preview Assets.xcassets in Resources */ = {isa = PBXBuildFile; fileRef = 3F32F4CB29B2178700899090 /* Preview Assets.xcassets */; };
		3F32F4D829B2182300899090 /* PokemonModel.swift in Sources */ = {isa = PBXBuildFile; fileRef = 3F32F4D729B2182300899090 /* PokemonModel.swift */; };
		3F32F4DB29B24BDE00899090 /* Kingfisher in Frameworks */ = {isa = PBXBuildFile; productRef = 3F32F4DA29B24BDE00899090 /* Kingfisher */; };
		3F32F4DD29B24CD900899090 /* PokemonViewModel.swift in Sources */ = {isa = PBXBuildFile; fileRef = 3F32F4DC29B24CD900899090 /* PokemonViewModel.swift */; };
		3F32F4DF29B254B000899090 /* PokemonCell.swift in Sources */ = {isa = PBXBuildFile; fileRef = 3F32F4DE29B254B000899090 /* PokemonCell.swift */; };
		3F32F4E129B2573700899090 /* PokemonGridView.swift in Sources */ = {isa = PBXBuildFile; fileRef = 3F32F4E029B2573700899090 /* PokemonGridView.swift */; };
		3F32F4E329B257A800899090 /* PokemonDetailView.swift in Sources */ = {isa = PBXBuildFile; fileRef = 3F32F4E229B257A800899090 /* PokemonDetailView.swift */; };
/* End PBXBuildFile section */

/* Begin PBXFileReference section */
		3F32F4C129B2178500899090 /* PokemonCards.app */ = {isa = PBXFileReference; explicitFileType = wrapper.application; includeInIndex = 0; path = PokemonCards.app; sourceTree = BUILT_PRODUCTS_DIR; };
		3F32F4C429B2178500899090 /* PokemonCardsApp.swift */ = {isa = PBXFileReference; lastKnownFileType = sourcecode.swift; path = PokemonCardsApp.swift; sourceTree = "<group>"; };
		3F32F4C629B2178500899090 /* ContentView.swift */ = {isa = PBXFileReference; lastKnownFileType = sourcecode.swift; path = ContentView.swift; sourceTree = "<group>"; };
		3F32F4C829B2178700899090 /* Assets.xcassets */ = {isa = PBXFileReference; lastKnownFileType = folder.assetcatalog; path = Assets.xcassets; sourceTree = "<group>"; };
		3F32F4CB29B2178700899090 /* Preview Assets.xcassets */ = {isa = PBXFileReference; lastKnownFileType = folder.assetcatalog; path = "Preview Assets.xcassets"; sourceTree = "<group>"; };
		3F32F4D729B2182300899090 /* PokemonModel.swift */ = {isa = PBXFileReference; lastKnownFileType = sourcecode.swift; path = PokemonModel.swift; sourceTree = "<group>"; };
		3F32F4DC29B24CD900899090 /* PokemonViewModel.swift */ = {isa = PBXFileReference; lastKnownFileType = sourcecode.swift; path = PokemonViewModel.swift; sourceTree = "<group>"; };
		3F32F4DE29B254B000899090 /* PokemonCell.swift */ = {isa = PBXFileReference; lastKnownFileType = sourcecode.swift; path = PokemonCell.swift; sourceTree = "<group>"; };
		3F32F4E029B2573700899090 /* PokemonGridView.swift */ = {isa = PBXFileReference; lastKnownFileType = sourcecode.swift; path = PokemonGridView.swift; sourceTree = "<group>"; };
		3F32F4E229B257A800899090 /* PokemonDetailView.swift */ = {isa = PBXFileReference; lastKnownFileType = sourcecode.swift; path = PokemonDetailView.swift; sourceTree = "<group>"; };
/* End PBXFileReference section */

/* Begin PBXFrameworksBuildPhase section */
		3F32F4BE29B2178500899090 /* Frameworks */ = {
			isa = PBXFrameworksBuildPhase;
			buildActionMask = 2147483647;
			files = (
				3F32F4DB29B24BDE00899090 /* Kingfisher in Frameworks */,
			);
			runOnlyForDeploymentPostprocessing = 0;
		};
/* End PBXFrameworksBuildPhase section */

/* Begin PBXGroup section */
		3F32F4B829B2178500899090 = {
			isa = PBXGroup;
			children = (
				3F32F4C329B2178500899090 /* PokemonCards */,
				3F32F4C229B2178500899090 /* Products */,
			);
			sourceTree = "<group>";
		};
		3F32F4C229B2178500899090 /* Products */ = {
			isa = PBXGroup;
			children = (
				3F32F4C129B2178500899090 /* PokemonCards.app */,
			);
			name = Products;
			sourceTree = "<group>";
		};
		3F32F4C329B2178500899090 /* PokemonCards */ = {
			isa = PBXGroup;
			children = (
				3F32F4C429B2178500899090 /* PokemonCardsApp.swift */,
				3F32F4C629B2178500899090 /* ContentView.swift */,
				3F32F4D429B217EB00899090 /* Views */,
				3F32F4D329B217DF00899090 /* ViewModels */,
				3F32F4D229B217D400899090 /* Models */,
				3F32F4C829B2178700899090 /* Assets.xcassets */,
				3F32F4CA29B2178700899090 /* Preview Content */,
			);
			path = PokemonCards;
			sourceTree = "<group>";
		};
		3F32F4CA29B2178700899090 /* Preview Content */ = {
			isa = PBXGroup;
			children = (
				3F32F4CB29B2178700899090 /* Preview Assets.xcassets */,
			);
			path = "Preview Content";
			sourceTree = "<group>";
		};
		3F32F4D229B217D400899090 /* Models */ = {
			isa = PBXGroup;
			children = (
				3F32F4D729B2182300899090 /* PokemonModel.swift */,
			);
			path = Models;
			sourceTree = "<group>";
		};
		3F32F4D329B217DF00899090 /* ViewModels */ = {
			isa = PBXGroup;
			children = (
				3F32F4DC29B24CD900899090 /* PokemonViewModel.swift */,
			);
			path = ViewModels;
			sourceTree = "<group>";
		};
		3F32F4D429B217EB00899090 /* Views */ = {
			isa = PBXGroup;
			children = (
				3F32F4DE29B254B000899090 /* PokemonCell.swift */,
				3F32F4E029B2573700899090 /* PokemonGridView.swift */,
				3F32F4E229B257A800899090 /* PokemonDetailView.swift */,
			);
			path = Views;
			sourceTree = "<group>";
		};
/* End PBXGroup section */

/* Begin PBXNativeTarget section */
		3F32F4C029B2178500899090 /* PokemonCards */ = {
			isa = PBXNativeTarget;
			buildConfigurationList = 3F32F4CF29B2178700899090 /* Build configuration list for PBXNativeTarget "PokemonCards" */;
			buildPhases = (
				3F32F4BD29B2178500899090 /* Sources */,
				3F32F4BE29B2178500899090 /* Frameworks */,
				3F32F4BF29B2178500899090 /* Resources */,
			);
			buildRules = (
			);
			dependencies = (
			);
			name = PokemonCards;
			packageProductDependencies = (
				3F32F4DA29B24BDE00899090 /* Kingfisher */,
			);
			productName = PokemonCards;
			productReference = 3F32F4C129B2178500899090 /* PokemonCards.app */;
			productType = "com.apple.product-type.application";
		};
/* End PBXNativeTarget section */

/* Begin PBXProject section */
		3F32F4B929B2178500899090 /* Project object */ = {
			isa = PBXProject;
			attributes = {
				BuildIndependentTargetsInParallel = 1;
				LastSwiftUpdateCheck = 1420;
				LastUpgradeCheck = 1420;
				TargetAttributes = {
					3F32F4C029B2178500899090 = {
						CreatedOnToolsVersion = 14.2;
					};
				};
			};
			buildConfigurationList = 3F32F4BC29B2178500899090 /* Build configuration list for PBXProject "PokemonCards" */;
			compatibilityVersion = "Xcode 14.0";
			developmentRegion = en;
			hasScannedForEncodings = 0;
			knownRegions = (
				en,
				Base,
			);
			mainGroup = 3F32F4B829B2178500899090;
			packageReferences = (
				3F32F4D929B24BDE00899090 /* XCRemoteSwiftPackageReference "Kingfisher" */,
			);
			productRefGroup = 3F32F4C229B2178500899090 /* Products */;
			projectDirPath = "";
			projectRoot = "";
			targets = (
				3F32F4C029B2178500899090 /* PokemonCards */,
			);
		};
/* End PBXProject section */

/* Begin PBXResourcesBuildPhase section */
		3F32F4BF29B2178500899090 /* Resources */ = {
			isa = PBXResourcesBuildPhase;
			buildActionMask = 2147483647;
			files = (
				3F32F4CC29B2178700899090 /* Preview Assets.xcassets in Resources */,
				3F32F4C929B2178700899090 /* Assets.xcassets in Resources */,
			);
			runOnlyForDeploymentPostprocessing = 0;
		};
/* End PBXResourcesBuildPhase section */

/* Begin PBXSourcesBuildPhase section */
		3F32F4BD29B2178500899090 /* Sources */ = {
			isa = PBXSourcesBuildPhase;
			buildActionMask = 2147483647;
			files = (
				3F32F4DF29B254B000899090 /* PokemonCell.swift in Sources */,
				3F32F4C729B2178500899090 /* ContentView.swift in Sources */,
				3F32F4E129B2573700899090 /* PokemonGridView.swift in Sources */,
				3F32F4D829B2182300899090 /* PokemonModel.swift in Sources */,
				3F32F4DD29B24CD900899090 /* PokemonViewModel.swift in Sources */,
				3F32F4E329B257A800899090 /* PokemonDetailView.swift in Sources */,
				3F32F4C529B2178500899090 /* PokemonCardsApp.swift in Sources */,
			);
			runOnlyForDeploymentPostprocessing = 0;
		};
/* End PBXSourcesBuildPhase section */

/* Begin XCBuildConfiguration section */
		3F32F4CD29B2178700899090 /* Debug */ = {
			isa = XCBuildConfiguration;
			buildSettings = {
				ALWAYS_SEARCH_USER_PATHS = NO;
				CLANG_ANALYZER_NONNULL = YES;
				CLANG_ANALYZER_NUMBER_OBJECT_CONVERSION = YES_AGGRESSIVE;
				CLANG_CXX_LANGUAGE_STANDARD = "gnu++20";
				CLANG_ENABLE_MODULES = YES;
				CLANG_ENABLE_OBJC_ARC = YES;
				CLANG_ENABLE_OBJC_WEAK = YES;
				CLANG_WARN_BLOCK_CAPTURE_AUTORELEASING = YES;
				CLANG_WARN_BOOL_CONVERSION = YES;
				CLANG_WARN_COMMA = YES;
				CLANG_WARN_CONSTANT_CONVERSION = YES;
				CLANG_WARN_DEPRECATED_OBJC_IMPLEMENTATIONS = YES;
				CLANG_WARN_DIRECT_OBJC_ISA_USAGE = YES_ERROR;
				CLANG_WARN_DOCUMENTATION_COMMENTS = YES;
				CLANG_WARN_EMPTY_BODY = YES;
				CLANG_WARN_ENUM_CONVERSION = YES;
				CLANG_WARN_INFINITE_RECURSION = YES;
				CLANG_WARN_INT_CONVERSION = YES;
				CLANG_WARN_NON_LITERAL_NULL_CONVERSION = YES;
				CLANG_WARN_OBJC_IMPLICIT_RETAIN_SELF = YES;
				CLANG_WARN_OBJC_LITERAL_CONVERSION = YES;
				CLANG_WARN_OBJC_ROOT_CLASS = YES_ERROR;
				CLANG_WARN_QUOTED_INCLUDE_IN_FRAMEWORK_HEADER = YES;
				CLANG_WARN_RANGE_LOOP_ANALYSIS = YES;
				CLANG_WARN_STRICT_PROTOTYPES = YES;
				CLANG_WARN_SUSPICIOUS_MOVE = YES;
				CLANG_WARN_UNGUARDED_AVAILABILITY = YES_AGGRESSIVE;
				CLANG_WARN_UNREACHABLE_CODE = YES;
				CLANG_WARN__DUPLICATE_METHOD_MATCH = YES;
				COPY_PHASE_STRIP = NO;
				DEBUG_INFORMATION_FORMAT = dwarf;
				ENABLE_STRICT_OBJC_MSGSEND = YES;
				ENABLE_TESTABILITY = YES;
				GCC_C_LANGUAGE_STANDARD = gnu11;
				GCC_DYNAMIC_NO_PIC = NO;
				GCC_NO_COMMON_BLOCKS = YES;
				GCC_OPTIMIZATION_LEVEL = 0;
				GCC_PREPROCESSOR_DEFINITIONS = (
					"DEBUG=1",
					"$(inherited)",
				);
				GCC_WARN_64_TO_32_BIT_CONVERSION = YES;
				GCC_WARN_ABOUT_RETURN_TYPE = YES_ERROR;
				GCC_WARN_UNDECLARED_SELECTOR = YES;
				GCC_WARN_UNINITIALIZED_AUTOS = YES_AGGRESSIVE;
				GCC_WARN_UNUSED_FUNCTION = YES;
				GCC_WARN_UNUSED_VARIABLE = YES;
				IPHONEOS_DEPLOYMENT_TARGET = 16.2;
				MTL_ENABLE_DEBUG_INFO = INCLUDE_SOURCE;
				MTL_FAST_MATH = YES;
				ONLY_ACTIVE_ARCH = YES;
				SDKROOT = iphoneos;
				SWIFT_ACTIVE_COMPILATION_CONDITIONS = DEBUG;
				SWIFT_OPTIMIZATION_LEVEL = "-Onone";
			};
			name = Debug;
		};
		3F32F4CE29B2178700899090 /* Release */ = {
			isa = XCBuildConfiguration;
			buildSettings = {
				ALWAYS_SEARCH_USER_PATHS = NO;
				CLANG_ANALYZER_NONNULL = YES;
				CLANG_ANALYZER_NUMBER_OBJECT_CONVERSION = YES_AGGRESSIVE;
				CLANG_CXX_LANGUAGE_STANDARD = "gnu++20";
				CLANG_ENABLE_MODULES = YES;
				CLANG_ENABLE_OBJC_ARC = YES;
				CLANG_ENABLE_OBJC_WEAK = YES;
				CLANG_WARN_BLOCK_CAPTURE_AUTORELEASING = YES;
				CLANG_WARN_BOOL_CONVERSION = YES;
				CLANG_WARN_COMMA = YES;
				CLANG_WARN_CONSTANT_CONVERSION = YES;
				CLANG_WARN_DEPRECATED_OBJC_IMPLEMENTATIONS = YES;
				CLANG_WARN_DIRECT_OBJC_ISA_USAGE = YES_ERROR;
				CLANG_WARN_DOCUMENTATION_COMMENTS = YES;
				CLANG_WARN_EMPTY_BODY = YES;
				CLANG_WARN_ENUM_CONVERSION = YES;
				CLANG_WARN_INFINITE_RECURSION = YES;
				CLANG_WARN_INT_CONVERSION = YES;
				CLANG_WARN_NON_LITERAL_NULL_CONVERSION = YES;
				CLANG_WARN_OBJC_IMPLICIT_RETAIN_SELF = YES;
				CLANG_WARN_OBJC_LITERAL_CONVERSION = YES;
				CLANG_WARN_OBJC_ROOT_CLASS = YES_ERROR;
				CLANG_WARN_QUOTED_INCLUDE_IN_FRAMEWORK_HEADER = YES;
				CLANG_WARN_RANGE_LOOP_ANALYSIS = YES;
				CLANG_WARN_STRICT_PROTOTYPES = YES;
				CLANG_WARN_SUSPICIOUS_MOVE = YES;
				CLANG_WARN_UNGUARDED_AVAILABILITY = YES_AGGRESSIVE;
				CLANG_WARN_UNREACHABLE_CODE = YES;
				CLANG_WARN__DUPLICATE_METHOD_MATCH = YES;
				COPY_PHASE_STRIP = NO;
				DEBUG_INFORMATION_FORMAT = "dwarf-with-dsym";
				ENABLE_NS_ASSERTIONS = NO;
				ENABLE_STRICT_OBJC_MSGSEND = YES;
				GCC_C_LANGUAGE_STANDARD = gnu11;
				GCC_NO_COMMON_BLOCKS = YES;
				GCC_WARN_64_TO_32_BIT_CONVERSION = YES;
				GCC_WARN_ABOUT_RETURN_TYPE = YES_ERROR;
				GCC_WARN_UNDECLARED_SELECTOR = YES;
				GCC_WARN_UNINITIALIZED_AUTOS = YES_AGGRESSIVE;
				GCC_WARN_UNUSED_FUNCTION = YES;
				GCC_WARN_UNUSED_VARIABLE = YES;
				IPHONEOS_DEPLOYMENT_TARGET = 16.2;
				MTL_ENABLE_DEBUG_INFO = NO;
				MTL_FAST_MATH = YES;
				SDKROOT = iphoneos;
				SWIFT_COMPILATION_MODE = wholemodule;
				SWIFT_OPTIMIZATION_LEVEL = "-O";
				VALIDATE_PRODUCT = YES;
			};
			name = Release;
		};
		3F32F4D029B2178700899090 /* Debug */ = {
			isa = XCBuildConfiguration;
			buildSettings = {
				ASSETCATALOG_COMPILER_APPICON_NAME = AppIcon;
				ASSETCATALOG_COMPILER_GLOBAL_ACCENT_COLOR_NAME = AccentColor;
				CODE_SIGN_STYLE = Automatic;
				CURRENT_PROJECT_VERSION = 1;
				DEVELOPMENT_ASSET_PATHS = "\"PokemonCards/Preview Content\"";
				DEVELOPMENT_TEAM = DN6L97BACN;
				ENABLE_PREVIEWS = YES;
				GENERATE_INFOPLIST_FILE = YES;
				INFOPLIST_KEY_UIApplicationSceneManifest_Generation = YES;
				INFOPLIST_KEY_UIApplicationSupportsIndirectInputEvents = YES;
				INFOPLIST_KEY_UILaunchScreen_Generation = YES;
				INFOPLIST_KEY_UISupportedInterfaceOrientations_iPad = "UIInterfaceOrientationPortrait UIInterfaceOrientationPortraitUpsideDown UIInterfaceOrientationLandscapeLeft UIInterfaceOrientationLandscapeRight";
				INFOPLIST_KEY_UISupportedInterfaceOrientations_iPhone = "UIInterfaceOrientationPortrait UIInterfaceOrientationLandscapeLeft UIInterfaceOrientationLandscapeRight";
				LD_RUNPATH_SEARCH_PATHS = (
					"$(inherited)",
					"@executable_path/Frameworks",
				);
				MARKETING_VERSION = 1.0;
				PRODUCT_BUNDLE_IDENTIFIER = com.mubashir.PokemonCards;
				PRODUCT_NAME = "$(TARGET_NAME)";
				SWIFT_EMIT_LOC_STRINGS = YES;
				SWIFT_VERSION = 5.0;
				TARGETED_DEVICE_FAMILY = "1,2";
			};
			name = Debug;
		};
		3F32F4D129B2178700899090 /* Release */ = {
			isa = XCBuildConfiguration;
			buildSettings = {
				ASSETCATALOG_COMPILER_APPICON_NAME = AppIcon;
				ASSETCATALOG_COMPILER_GLOBAL_ACCENT_COLOR_NAME = AccentColor;
				CODE_SIGN_STYLE = Automatic;
				CURRENT_PROJECT_VERSION = 1;
				DEVELOPMENT_ASSET_PATHS = "\"PokemonCards/Preview Content\"";
				DEVELOPMENT_TEAM = DN6L97BACN;
				ENABLE_PREVIEWS = YES;
				GENERATE_INFOPLIST_FILE = YES;
				INFOPLIST_KEY_UIApplicationSceneManifest_Generation = YES;
				INFOPLIST_KEY_UIApplicationSupportsIndirectInputEvents = YES;
				INFOPLIST_KEY_UILaunchScreen_Generation = YES;
				INFOPLIST_KEY_UISupportedInterfaceOrientations_iPad = "UIInterfaceOrientationPortrait UIInterfaceOrientationPortraitUpsideDown UIInterfaceOrientationLandscapeLeft UIInterfaceOrientationLandscapeRight";
				INFOPLIST_KEY_UISupportedInterfaceOrientations_iPhone = "UIInterfaceOrientationPortrait UIInterfaceOrientationLandscapeLeft UIInterfaceOrientationLandscapeRight";
				LD_RUNPATH_SEARCH_PATHS = (
					"$(inherited)",
					"@executable_path/Frameworks",
				);
				MARKETING_VERSION = 1.0;
				PRODUCT_BUNDLE_IDENTIFIER = com.mubashir.PokemonCards;
				PRODUCT_NAME = "$(TARGET_NAME)";
				SWIFT_EMIT_LOC_STRINGS = YES;
				SWIFT_VERSION = 5.0;
				TARGETED_DEVICE_FAMILY = "1,2";
			};
			name = Release;
		};
/* End XCBuildConfiguration section */

/* Begin XCConfigurationList section */
		3F32F4BC29B2178500899090 /* Build configuration list for PBXProject "PokemonCards" */ = {
			isa = XCConfigurationList;
			buildConfigurations = (
				3F32F4CD29B2178700899090 /* Debug */,
				3F32F4CE29B2178700899090 /* Release */,
			);
			defaultConfigurationIsVisible = 0;
			defaultConfigurationName = Release;
		};
		3F32F4CF29B2178700899090 /* Build configuration list for PBXNativeTarget "PokemonCards" */ = {
			isa = XCConfigurationList;
			buildConfigurations = (
				3F32F4D029B2178700899090 /* Debug */,
				3F32F4D129B2178700899090 /* Release */,
			);
			defaultConfigurationIsVisible = 0;
			defaultConfigurationName = Release;
		};
/* End XCConfigurationList section */

/* Begin XCRemoteSwiftPackageReference section */
		3F32F4D929B24BDE00899090 /* XCRemoteSwiftPackageReference "Kingfisher" */ = {
			isa = XCRemoteSwiftPackageReference;
			repositoryURL = "https://github.com/onevcat/Kingfisher";
			requirement = {
				kind = upToNextMajorVersion;
				minimumVersion = 7.0.0;
			};
		};
/* End XCRemoteSwiftPackageReference section */

/* Begin XCSwiftPackageProductDependency section */
		3F32F4DA29B24BDE00899090 /* Kingfisher */ = {
			isa = XCSwiftPackageProductDependency;
			package = 3F32F4D929B24BDE00899090 /* XCRemoteSwiftPackageReference "Kingfisher" */;
			productName = Kingfisher;
		};
/* End XCSwiftPackageProductDependency section */
	};
	rootObject = 3F32F4B929B2178500899090 /* Project object */;
}
